
Microsoft Visual Studio Solution File, Format Version 12.00
# Visual Studio Version 17
VisualStudioVersion = 17.8.34322.80
MinimumVisualStudioVersion = 10.0.40219.1
Project("{FAE04EC0-301F-11D3-BF4B-00C04F79EFBC}") = "2. Bombs", "2. Bombs\2. Bombs.csproj", "{23E192FA-618B-45C3-8C00-BC56CE9E8E74}"
EndProject
Global
	GlobalSection(SolutionConfigurationPlatforms) = preSolution
		Debug|Any CPU = Debug|Any CPU
		Release|Any CPU = Release|Any CPU
	EndGlobalSection
	GlobalSection(ProjectConfigurationPlatforms) = postSolution
		{23E192FA-618B-45C3-8C00-BC56CE9E8E74}.Debug|Any CPU.ActiveCfg = Debug|Any CPU
		{23E192FA-618B-45C3-8C00-BC56CE9E8E74}.Debug|Any CPU.Build.0 = Debug|Any CPU
		{23E192FA-618B-45C3-8C00-BC56CE9E8E74}.Release|Any CPU.ActiveCfg = Release|Any CPU
		{23E192FA-618B-45C3-8C00-BC56CE9E8E74}.Release|Any CPU.Build.0 = Release|Any CPU
	EndGlobalSection
	GlobalSection(SolutionProperties) = preSolution
		HideSolutionNode = FALSE
	EndGlobalSection
	GlobalSection(ExtensibilityGlobals) = postSolution
		SolutionGuid = {E374608C-E55E-4DFB-B041-F81EA15F85F8}
	EndGlobalSection
EndGlobal
