
Microsoft Visual Studio Solution File, Format Version 12.00
# Visual Studio Version 17
VisualStudioVersion = 17.8.34322.80
MinimumVisualStudioVersion = 10.0.40219.1
Project("{FAE04EC0-301F-11D3-BF4B-00C04F79EFBC}") = "5. Meal Plan", "5. Meal Plan\5. Meal Plan.csproj", "{F635C95A-63C6-4F1E-AB27-6862273B86C0}"
EndProject
Global
	GlobalSection(SolutionConfigurationPlatforms) = preSolution
		Debug|Any CPU = Debug|Any CPU
		Release|Any CPU = Release|Any CPU
	EndGlobalSection
	GlobalSection(ProjectConfigurationPlatforms) = postSolution
		{F635C95A-63C6-4F1E-AB27-6862273B86C0}.Debug|Any CPU.ActiveCfg = Debug|Any CPU
		{F635C95A-63C6-4F1E-AB27-6862273B86C0}.Debug|Any CPU.Build.0 = Debug|Any CPU
		{F635C95A-63C6-4F1E-AB27-6862273B86C0}.Release|Any CPU.ActiveCfg = Release|Any CPU
		{F635C95A-63C6-4F1E-AB27-6862273B86C0}.Release|Any CPU.Build.0 = Release|Any CPU
	EndGlobalSection
	GlobalSection(SolutionProperties) = preSolution
		HideSolutionNode = FALSE
	EndGlobalSection
	GlobalSection(ExtensibilityGlobals) = postSolution
		SolutionGuid = {F9442970-CE54-411B-8680-B86AC4FD56E8}
	EndGlobalSection
EndGlobal
